
Microsoft Visual Studio Solution File, Format Version 12.00
# Visual Studio 15
VisualStudioVersion = 15.0.28307.572
MinimumVisualStudioVersion = 10.0.40219.1
Project("{E24C65DC-7377-472B-9ABA-BC803B73C61A}") = "Renting", "Renting\", "{48F26C04-44E0-4808-BDF9-B4A200C1FAAD}"
	ProjectSection(WebsiteProperties) = preProject
		TargetFrameworkMoniker = ".NETFramework,Version%3Dv4.5.1"
		ProjectReferences = ""
		Debug.AspNetCompiler.VirtualPath = "/localhost_8396"
		Debug.AspNetCompiler.PhysicalPath = "Renting\"
		Debug.AspNetCompiler.TargetPath = "PrecompiledWeb\localhost_8396\"
		Debug.AspNetCompiler.Updateable = "true"
		Debug.AspNetCompiler.ForceOverwrite = "true"
		Debug.AspNetCompiler.FixedNames = "false"
		Debug.AspNetCompiler.Debug = "True"
		Release.AspNetCompiler.VirtualPath = "/localhost_8396"
		Release.AspNetCompiler.PhysicalPath = "Renting\"
		Release.AspNetCompiler.TargetPath = "PrecompiledWeb\localhost_8396\"
		Release.AspNetCompiler.Updateable = "true"
		Release.AspNetCompiler.ForceOverwrite = "true"
		Release.AspNetCompiler.FixedNames = "false"
		Release.AspNetCompiler.Debug = "False"
		VWDPort = "8396"
		SlnRelativePath = "Renting\"
		DefaultWebSiteLanguage = "Visual C#"
	EndProjectSection
EndProject
Global
	GlobalSection(SolutionConfigurationPlatforms) = preSolution
		Debug|Any CPU = Debug|Any CPU
		Release|Any CPU = Release|Any CPU
	EndGlobalSection
	GlobalSection(ProjectConfigurationPlatforms) = postSolution
		{48F26C04-44E0-4808-BDF9-B4A200C1FAAD}.Debug|Any CPU.ActiveCfg = Debug|Any CPU
		{48F26C04-44E0-4808-BDF9-B4A200C1FAAD}.Debug|Any CPU.Build.0 = Debug|Any CPU
		{48F26C04-44E0-4808-BDF9-B4A200C1FAAD}.Release|Any CPU.ActiveCfg = Debug|Any CPU
		{48F26C04-44E0-4808-BDF9-B4A200C1FAAD}.Release|Any CPU.Build.0 = Debug|Any CPU
	EndGlobalSection
	GlobalSection(SolutionProperties) = preSolution
		HideSolutionNode = FALSE
	EndGlobalSection
	GlobalSection(ExtensibilityGlobals) = postSolution
		SolutionGuid = {5D245ED2-754C-4AA1-B0D8-7A5C98D0A999}
	EndGlobalSection
EndGlobal
